// !$*UTF8*$!
{
	archiveVersion = 1;
	classes = {
	};
	objectVersion = 51;
	objects = {

/* Begin PBXBuildFile section */
		D5FDD84D98437C28DC2A0471 /* Pods_Increment.framework in Frameworks */ = {isa = PBXBuildFile; fileRef = 280B0F1F82864D48ECCF041D /* Pods_Increment.framework */; };
		E203629526A5A3ED00AA4EEC /* GoogleService-Info.plist in Resources */ = {isa = PBXBuildFile; fileRef = E203629426A5A3ED00AA4EEC /* GoogleService-Info.plist */; };
		E203629826A5A87800AA4EEC /* UserService.swift in Sources */ = {isa = PBXBuildFile; fileRef = E203629726A5A87800AA4EEC /* UserService.swift */; };
		E22B75F626A5C7630051BD63 /* Challenge.swift in Sources */ = {isa = PBXBuildFile; fileRef = E22B75F526A5C7630051BD63 /* Challenge.swift */; };
		E22B75F826A5C8050051BD63 /* ChallengeService.swift in Sources */ = {isa = PBXBuildFile; fileRef = E22B75F726A5C8050051BD63 /* ChallengeService.swift */; };
		E22B75FB26A5CD370051BD63 /* IncrementError.swift in Sources */ = {isa = PBXBuildFile; fileRef = E22B75FA26A5CD370051BD63 /* IncrementError.swift */; };
		E23D1CE226DADBB400A71A34 /* SettingsView.swift in Sources */ = {isa = PBXBuildFile; fileRef = E23D1CE126DADBB400A71A34 /* SettingsView.swift */; };
		E23D1CE426DADBC300A71A34 /* SettingsViewModel.swift in Sources */ = {isa = PBXBuildFile; fileRef = E23D1CE326DADBC300A71A34 /* SettingsViewModel.swift */; };
		E23D1CE626DADC0D00A71A34 /* SettingsItemViewModel.swift in Sources */ = {isa = PBXBuildFile; fileRef = E23D1CE526DADC0D00A71A34 /* SettingsItemViewModel.swift */; };
		E243073126D8E7AF0075DE3A /* TabContainerView.swift in Sources */ = {isa = PBXBuildFile; fileRef = E243073026D8E7AF0075DE3A /* TabContainerView.swift */; };
		E24307B026D9186B0075DE3A /* ChallengeListView.swift in Sources */ = {isa = PBXBuildFile; fileRef = E24307AF26D9186B0075DE3A /* ChallengeListView.swift */; };
		E24307B226D918B10075DE3A /* ChallengeListViewModel.swift in Sources */ = {isa = PBXBuildFile; fileRef = E24307B126D918B10075DE3A /* ChallengeListViewModel.swift */; };
		E24307B426D91A0D0075DE3A /* QuerySnapshotPublisher.swift in Sources */ = {isa = PBXBuildFile; fileRef = E24307B326D91A0D0075DE3A /* QuerySnapshotPublisher.swift */; };
		E24307B626D94FA30075DE3A /* ChallengeItemViewModel.swift in Sources */ = {isa = PBXBuildFile; fileRef = E24307B526D94FA30075DE3A /* ChallengeItemViewModel.swift */; };
		E24307BA26D9556E0075DE3A /* ChallengeItemView.swift in Sources */ = {isa = PBXBuildFile; fileRef = E24307B926D9556E0075DE3A /* ChallengeItemView.swift */; };
		E243298026B0047A00A1BFAA /* AuthPublisher.swift in Sources */ = {isa = PBXBuildFile; fileRef = E243297F26B0047A00A1BFAA /* AuthPublisher.swift */; };
		E24981C126DC97D2007287EF /* LandingViewModel.swift in Sources */ = {isa = PBXBuildFile; fileRef = E24981C026DC97D2007287EF /* LandingViewModel.swift */; };
		E24981C326DC9919007287EF /* LoginSignupView.swift in Sources */ = {isa = PBXBuildFile; fileRef = E24981C226DC9919007287EF /* LoginSignupView.swift */; };
		E24981C526DC9949007287EF /* LoginSignupViewModel.swift in Sources */ = {isa = PBXBuildFile; fileRef = E24981C426DC9949007287EF /* LoginSignupViewModel.swift */; };
		E24981C826DCA03A007287EF /* TextFieldCustomRoundedStyle.swift in Sources */ = {isa = PBXBuildFile; fileRef = E24981C726DCA03A007287EF /* TextFieldCustomRoundedStyle.swift */; };
		E2DD5C8626A06910005A3102 /* IncrementApp.swift in Sources */ = {isa = PBXBuildFile; fileRef = E2DD5C8526A06910005A3102 /* IncrementApp.swift */; };
		E2DD5C8826A06910005A3102 /* LandingView.swift in Sources */ = {isa = PBXBuildFile; fileRef = E2DD5C8726A06910005A3102 /* LandingView.swift */; };
		E2DD5C8A26A06912005A3102 /* Assets.xcassets in Resources */ = {isa = PBXBuildFile; fileRef = E2DD5C8926A06912005A3102 /* Assets.xcassets */; };
		E2DD5C8D26A06912005A3102 /* Preview Assets.xcassets in Resources */ = {isa = PBXBuildFile; fileRef = E2DD5C8C26A06912005A3102 /* Preview Assets.xcassets */; };
		E2DD5C9526A06D1A005A3102 /* PrimaryButtonStyle.swift in Sources */ = {isa = PBXBuildFile; fileRef = E2DD5C9426A06D1A005A3102 /* PrimaryButtonStyle.swift */; };
		E2DD5C9726A06D89005A3102 /* Color+Extension.swift in Sources */ = {isa = PBXBuildFile; fileRef = E2DD5C9626A06D89005A3102 /* Color+Extension.swift */; };
		E2DD5C9D26A07338005A3102 /* CreateView.swift in Sources */ = {isa = PBXBuildFile; fileRef = E2DD5C9C26A07338005A3102 /* CreateView.swift */; };
		E2DD5C9F26A073D4005A3102 /* DropdownView.swift in Sources */ = {isa = PBXBuildFile; fileRef = E2DD5C9E26A073D4005A3102 /* DropdownView.swift */; };
		E2DD5CA126A077E7005A3102 /* RemindView.swift in Sources */ = {isa = PBXBuildFile; fileRef = E2DD5CA026A077E7005A3102 /* RemindView.swift */; };
		E2DD5CA426A07A20005A3102 /* CreateChallengeViewModel.swift in Sources */ = {isa = PBXBuildFile; fileRef = E2DD5CA326A07A20005A3102 /* CreateChallengeViewModel.swift */; };
		E2DD5CA626A07ADD005A3102 /* DropdownItemProtocol.swift in Sources */ = {isa = PBXBuildFile; fileRef = E2DD5CA526A07ADD005A3102 /* DropdownItemProtocol.swift */; };
/* End PBXBuildFile section */

/* Begin PBXFileReference section */
		280B0F1F82864D48ECCF041D /* Pods_Increment.framework */ = {isa = PBXFileReference; explicitFileType = wrapper.framework; includeInIndex = 0; path = Pods_Increment.framework; sourceTree = BUILT_PRODUCTS_DIR; };
		2DE67F070B0B2EF8D97BB5AA /* Pods-Increment.release.xcconfig */ = {isa = PBXFileReference; includeInIndex = 1; lastKnownFileType = text.xcconfig; name = "Pods-Increment.release.xcconfig"; path = "Target Support Files/Pods-Increment/Pods-Increment.release.xcconfig"; sourceTree = "<group>"; };
		B7EAEA8A70534073CFE78D49 /* Pods-Increment.debug.xcconfig */ = {isa = PBXFileReference; includeInIndex = 1; lastKnownFileType = text.xcconfig; name = "Pods-Increment.debug.xcconfig"; path = "Target Support Files/Pods-Increment/Pods-Increment.debug.xcconfig"; sourceTree = "<group>"; };
		E203629426A5A3ED00AA4EEC /* GoogleService-Info.plist */ = {isa = PBXFileReference; fileEncoding = 4; lastKnownFileType = text.plist.xml; path = "GoogleService-Info.plist"; sourceTree = "<group>"; };
		E203629726A5A87800AA4EEC /* UserService.swift */ = {isa = PBXFileReference; lastKnownFileType = sourcecode.swift; path = UserService.swift; sourceTree = "<group>"; };
		E22B75F526A5C7630051BD63 /* Challenge.swift */ = {isa = PBXFileReference; lastKnownFileType = sourcecode.swift; path = Challenge.swift; sourceTree = "<group>"; };
		E22B75F726A5C8050051BD63 /* ChallengeService.swift */ = {isa = PBXFileReference; lastKnownFileType = sourcecode.swift; path = ChallengeService.swift; sourceTree = "<group>"; };
		E22B75FA26A5CD370051BD63 /* IncrementError.swift */ = {isa = PBXFileReference; lastKnownFileType = sourcecode.swift; path = IncrementError.swift; sourceTree = "<group>"; };
		E23D1CE126DADBB400A71A34 /* SettingsView.swift */ = {isa = PBXFileReference; lastKnownFileType = sourcecode.swift; path = SettingsView.swift; sourceTree = "<group>"; };
		E23D1CE326DADBC300A71A34 /* SettingsViewModel.swift */ = {isa = PBXFileReference; lastKnownFileType = sourcecode.swift; path = SettingsViewModel.swift; sourceTree = "<group>"; };
		E23D1CE526DADC0D00A71A34 /* SettingsItemViewModel.swift */ = {isa = PBXFileReference; lastKnownFileType = sourcecode.swift; path = SettingsItemViewModel.swift; sourceTree = "<group>"; };
		E243073026D8E7AF0075DE3A /* TabContainerView.swift */ = {isa = PBXFileReference; lastKnownFileType = sourcecode.swift; path = TabContainerView.swift; sourceTree = "<group>"; };
		E24307AF26D9186B0075DE3A /* ChallengeListView.swift */ = {isa = PBXFileReference; lastKnownFileType = sourcecode.swift; path = ChallengeListView.swift; sourceTree = "<group>"; };
		E24307B126D918B10075DE3A /* ChallengeListViewModel.swift */ = {isa = PBXFileReference; lastKnownFileType = sourcecode.swift; path = ChallengeListViewModel.swift; sourceTree = "<group>"; };
		E24307B326D91A0D0075DE3A /* QuerySnapshotPublisher.swift */ = {isa = PBXFileReference; lastKnownFileType = sourcecode.swift; path = QuerySnapshotPublisher.swift; sourceTree = "<group>"; };
		E24307B526D94FA30075DE3A /* ChallengeItemViewModel.swift */ = {isa = PBXFileReference; lastKnownFileType = sourcecode.swift; path = ChallengeItemViewModel.swift; sourceTree = "<group>"; };
		E24307B926D9556E0075DE3A /* ChallengeItemView.swift */ = {isa = PBXFileReference; lastKnownFileType = sourcecode.swift; path = ChallengeItemView.swift; sourceTree = "<group>"; };
		E243297F26B0047A00A1BFAA /* AuthPublisher.swift */ = {isa = PBXFileReference; lastKnownFileType = sourcecode.swift; path = AuthPublisher.swift; sourceTree = "<group>"; };
		E24981C026DC97D2007287EF /* LandingViewModel.swift */ = {isa = PBXFileReference; lastKnownFileType = sourcecode.swift; path = LandingViewModel.swift; sourceTree = "<group>"; };
		E24981C226DC9919007287EF /* LoginSignupView.swift */ = {isa = PBXFileReference; lastKnownFileType = sourcecode.swift; path = LoginSignupView.swift; sourceTree = "<group>"; };
		E24981C426DC9949007287EF /* LoginSignupViewModel.swift */ = {isa = PBXFileReference; lastKnownFileType = sourcecode.swift; path = LoginSignupViewModel.swift; sourceTree = "<group>"; };
		E24981C726DCA03A007287EF /* TextFieldCustomRoundedStyle.swift */ = {isa = PBXFileReference; lastKnownFileType = sourcecode.swift; path = TextFieldCustomRoundedStyle.swift; sourceTree = "<group>"; };
		E2DD5C8226A06910005A3102 /* Increment.app */ = {isa = PBXFileReference; explicitFileType = wrapper.application; includeInIndex = 0; path = Increment.app; sourceTree = BUILT_PRODUCTS_DIR; };
		E2DD5C8526A06910005A3102 /* IncrementApp.swift */ = {isa = PBXFileReference; lastKnownFileType = sourcecode.swift; path = IncrementApp.swift; sourceTree = "<group>"; };
		E2DD5C8726A06910005A3102 /* LandingView.swift */ = {isa = PBXFileReference; lastKnownFileType = sourcecode.swift; path = LandingView.swift; sourceTree = "<group>"; };
		E2DD5C8926A06912005A3102 /* Assets.xcassets */ = {isa = PBXFileReference; lastKnownFileType = folder.assetcatalog; path = Assets.xcassets; sourceTree = "<group>"; };
		E2DD5C8C26A06912005A3102 /* Preview Assets.xcassets */ = {isa = PBXFileReference; lastKnownFileType = folder.assetcatalog; path = "Preview Assets.xcassets"; sourceTree = "<group>"; };
		E2DD5C8E26A06912005A3102 /* Info.plist */ = {isa = PBXFileReference; lastKnownFileType = text.plist.xml; path = Info.plist; sourceTree = "<group>"; };
		E2DD5C9426A06D1A005A3102 /* PrimaryButtonStyle.swift */ = {isa = PBXFileReference; lastKnownFileType = sourcecode.swift; path = PrimaryButtonStyle.swift; sourceTree = "<group>"; };
		E2DD5C9626A06D89005A3102 /* Color+Extension.swift */ = {isa = PBXFileReference; lastKnownFileType = sourcecode.swift; path = "Color+Extension.swift"; sourceTree = "<group>"; };
		E2DD5C9C26A07338005A3102 /* CreateView.swift */ = {isa = PBXFileReference; lastKnownFileType = sourcecode.swift; path = CreateView.swift; sourceTree = "<group>"; };
		E2DD5C9E26A073D4005A3102 /* DropdownView.swift */ = {isa = PBXFileReference; lastKnownFileType = sourcecode.swift; path = DropdownView.swift; sourceTree = "<group>"; };
		E2DD5CA026A077E7005A3102 /* RemindView.swift */ = {isa = PBXFileReference; lastKnownFileType = sourcecode.swift; path = RemindView.swift; sourceTree = "<group>"; };
		E2DD5CA326A07A20005A3102 /* CreateChallengeViewModel.swift */ = {isa = PBXFileReference; lastKnownFileType = sourcecode.swift; path = CreateChallengeViewModel.swift; sourceTree = "<group>"; };
		E2DD5CA526A07ADD005A3102 /* DropdownItemProtocol.swift */ = {isa = PBXFileReference; lastKnownFileType = sourcecode.swift; path = DropdownItemProtocol.swift; sourceTree = "<group>"; };
/* End PBXFileReference section */

/* Begin PBXFrameworksBuildPhase section */
		E2DD5C7F26A06910005A3102 /* Frameworks */ = {
			isa = PBXFrameworksBuildPhase;
			buildActionMask = 2147483647;
			files = (
				D5FDD84D98437C28DC2A0471 /* Pods_Increment.framework in Frameworks */,
			);
			runOnlyForDeploymentPostprocessing = 0;
		};
/* End PBXFrameworksBuildPhase section */

/* Begin PBXGroup section */
		06FCBA96DEAC94F3CEE493AB /* Pods */ = {
			isa = PBXGroup;
			children = (
				B7EAEA8A70534073CFE78D49 /* Pods-Increment.debug.xcconfig */,
				2DE67F070B0B2EF8D97BB5AA /* Pods-Increment.release.xcconfig */,
			);
			path = Pods;
			sourceTree = "<group>";
		};
		E131D9DE41011EF83C53C9F3 /* Frameworks */ = {
			isa = PBXGroup;
			children = (
				280B0F1F82864D48ECCF041D /* Pods_Increment.framework */,
			);
			name = Frameworks;
			sourceTree = "<group>";
		};
		E203629626A5A85200AA4EEC /* Services */ = {
			isa = PBXGroup;
			children = (
				E203629726A5A87800AA4EEC /* UserService.swift */,
				E22B75F726A5C8050051BD63 /* ChallengeService.swift */,
			);
			path = Services;
			sourceTree = "<group>";
		};
		E22B75F426A5C7570051BD63 /* Models */ = {
			isa = PBXGroup;
			children = (
				E22B75F526A5C7630051BD63 /* Challenge.swift */,
			);
			path = Models;
			sourceTree = "<group>";
		};
		E22B75F926A5CD250051BD63 /* Errors */ = {
			isa = PBXGroup;
			children = (
				E22B75FA26A5CD370051BD63 /* IncrementError.swift */,
			);
			path = Errors;
			sourceTree = "<group>";
		};
		E243297E26B0044700A1BFAA /* Publishers */ = {
			isa = PBXGroup;
			children = (
				E243297F26B0047A00A1BFAA /* AuthPublisher.swift */,
				E24307B326D91A0D0075DE3A /* QuerySnapshotPublisher.swift */,
			);
			path = Publishers;
			sourceTree = "<group>";
		};
		E24981C626DCA027007287EF /* Modifiers */ = {
			isa = PBXGroup;
			children = (
				E24981C726DCA03A007287EF /* TextFieldCustomRoundedStyle.swift */,
			);
			path = Modifiers;
			sourceTree = "<group>";
		};
		E2DD5C7926A06910005A3102 = {
			isa = PBXGroup;
			children = (
				E2DD5C8426A06910005A3102 /* Increment */,
				E2DD5C8326A06910005A3102 /* Products */,
				06FCBA96DEAC94F3CEE493AB /* Pods */,
				E131D9DE41011EF83C53C9F3 /* Frameworks */,
			);
			sourceTree = "<group>";
		};
		E2DD5C8326A06910005A3102 /* Products */ = {
			isa = PBXGroup;
			children = (
				E2DD5C8226A06910005A3102 /* Increment.app */,
			);
			name = Products;
			sourceTree = "<group>";
		};
		E2DD5C8426A06910005A3102 /* Increment */ = {
			isa = PBXGroup;
			children = (
				E24981C626DCA027007287EF /* Modifiers */,
				E243297E26B0044700A1BFAA /* Publishers */,
				E22B75F426A5C7570051BD63 /* Models */,
				E203629626A5A85200AA4EEC /* Services */,
				E2DD5C9926A07293005A3102 /* App */,
				E2DD5CA226A07A03005A3102 /* ViewModel */,
				E2DD5C9826A0728A005A3102 /* View */,
				E2DD5C9B26A072B6005A3102 /* Style */,
				E2DD5C9A26A072A0005A3102 /* Extension */,
				E22B75F926A5CD250051BD63 /* Errors */,
				E2DD5C8926A06912005A3102 /* Assets.xcassets */,
				E2DD5C8E26A06912005A3102 /* Info.plist */,
				E203629426A5A3ED00AA4EEC /* GoogleService-Info.plist */,
				E2DD5C8B26A06912005A3102 /* Preview Content */,
			);
			path = Increment;
			sourceTree = "<group>";
		};
		E2DD5C8B26A06912005A3102 /* Preview Content */ = {
			isa = PBXGroup;
			children = (
				E2DD5C8C26A06912005A3102 /* Preview Assets.xcassets */,
			);
			path = "Preview Content";
			sourceTree = "<group>";
		};
		E2DD5C9826A0728A005A3102 /* View */ = {
			isa = PBXGroup;
			children = (
				E2DD5C9C26A07338005A3102 /* CreateView.swift */,
				E2DD5C9E26A073D4005A3102 /* DropdownView.swift */,
				E2DD5C8726A06910005A3102 /* LandingView.swift */,
				E2DD5CA026A077E7005A3102 /* RemindView.swift */,
				E243073026D8E7AF0075DE3A /* TabContainerView.swift */,
				E24307AF26D9186B0075DE3A /* ChallengeListView.swift */,
				E24307B926D9556E0075DE3A /* ChallengeItemView.swift */,
				E23D1CE126DADBB400A71A34 /* SettingsView.swift */,
				E24981C226DC9919007287EF /* LoginSignupView.swift */,
			);
			path = View;
			sourceTree = "<group>";
		};
		E2DD5C9926A07293005A3102 /* App */ = {
			isa = PBXGroup;
			children = (
				E2DD5C8526A06910005A3102 /* IncrementApp.swift */,
			);
			path = App;
			sourceTree = "<group>";
		};
		E2DD5C9A26A072A0005A3102 /* Extension */ = {
			isa = PBXGroup;
			children = (
				E2DD5C9626A06D89005A3102 /* Color+Extension.swift */,
			);
			path = Extension;
			sourceTree = "<group>";
		};
		E2DD5C9B26A072B6005A3102 /* Style */ = {
			isa = PBXGroup;
			children = (
				E2DD5C9426A06D1A005A3102 /* PrimaryButtonStyle.swift */,
			);
			path = Style;
			sourceTree = "<group>";
		};
		E2DD5CA226A07A03005A3102 /* ViewModel */ = {
			isa = PBXGroup;
			children = (
				E2DD5CA326A07A20005A3102 /* CreateChallengeViewModel.swift */,
				E24307B126D918B10075DE3A /* ChallengeListViewModel.swift */,
				E2DD5CA526A07ADD005A3102 /* DropdownItemProtocol.swift */,
				E24307B526D94FA30075DE3A /* ChallengeItemViewModel.swift */,
				E23D1CE326DADBC300A71A34 /* SettingsViewModel.swift */,
				E23D1CE526DADC0D00A71A34 /* SettingsItemViewModel.swift */,
				E24981C026DC97D2007287EF /* LandingViewModel.swift */,
				E24981C426DC9949007287EF /* LoginSignupViewModel.swift */,
			);
			path = ViewModel;
			sourceTree = "<group>";
		};
/* End PBXGroup section */

/* Begin PBXNativeTarget section */
		E2DD5C8126A06910005A3102 /* Increment */ = {
			isa = PBXNativeTarget;
			buildConfigurationList = E2DD5C9126A06912005A3102 /* Build configuration list for PBXNativeTarget "Increment" */;
			buildPhases = (
				79474E8FB39C4873E8514460 /* [CP] Check Pods Manifest.lock */,
				E2DD5C7E26A06910005A3102 /* Sources */,
				E2DD5C7F26A06910005A3102 /* Frameworks */,
				E2DD5C8026A06910005A3102 /* Resources */,
				4744D9C8FD8C587C965BC84F /* [CP] Embed Pods Frameworks */,
			);
			buildRules = (
			);
			dependencies = (
			);
			name = Increment;
			productName = Increment;
			productReference = E2DD5C8226A06910005A3102 /* Increment.app */;
			productType = "com.apple.product-type.application";
		};
/* End PBXNativeTarget section */

/* Begin PBXProject section */
		E2DD5C7A26A06910005A3102 /* Project object */ = {
			isa = PBXProject;
			attributes = {
				LastSwiftUpdateCheck = 1250;
				LastUpgradeCheck = 1250;
				TargetAttributes = {
					E2DD5C8126A06910005A3102 = {
						CreatedOnToolsVersion = 12.5.1;
					};
				};
			};
			buildConfigurationList = E2DD5C7D26A06910005A3102 /* Build configuration list for PBXProject "Increment" */;
			compatibilityVersion = "Xcode 9.3";
			developmentRegion = en;
			hasScannedForEncodings = 0;
			knownRegions = (
				en,
				Base,
			);
			mainGroup = E2DD5C7926A06910005A3102;
			productRefGroup = E2DD5C8326A06910005A3102 /* Products */;
			projectDirPath = "";
			projectRoot = "";
			targets = (
				E2DD5C8126A06910005A3102 /* Increment */,
			);
		};
/* End PBXProject section */

/* Begin PBXResourcesBuildPhase section */
		E2DD5C8026A06910005A3102 /* Resources */ = {
			isa = PBXResourcesBuildPhase;
			buildActionMask = 2147483647;
			files = (
				E2DD5C8D26A06912005A3102 /* Preview Assets.xcassets in Resources */,
				E2DD5C8A26A06912005A3102 /* Assets.xcassets in Resources */,
				E203629526A5A3ED00AA4EEC /* GoogleService-Info.plist in Resources */,
			);
			runOnlyForDeploymentPostprocessing = 0;
		};
/* End PBXResourcesBuildPhase section */

/* Begin PBXShellScriptBuildPhase section */
		4744D9C8FD8C587C965BC84F /* [CP] Embed Pods Frameworks */ = {
			isa = PBXShellScriptBuildPhase;
			buildActionMask = 2147483647;
			files = (
			);
			inputFileListPaths = (
				"${PODS_ROOT}/Target Support Files/Pods-Increment/Pods-Increment-frameworks-${CONFIGURATION}-input-files.xcfilelist",
			);
			name = "[CP] Embed Pods Frameworks";
			outputFileListPaths = (
				"${PODS_ROOT}/Target Support Files/Pods-Increment/Pods-Increment-frameworks-${CONFIGURATION}-output-files.xcfilelist",
			);
			runOnlyForDeploymentPostprocessing = 0;
			shellPath = /bin/sh;
			shellScript = "\"${PODS_ROOT}/Target Support Files/Pods-Increment/Pods-Increment-frameworks.sh\"\n";
			showEnvVarsInLog = 0;
		};
		79474E8FB39C4873E8514460 /* [CP] Check Pods Manifest.lock */ = {
			isa = PBXShellScriptBuildPhase;
			buildActionMask = 2147483647;
			files = (
			);
			inputFileListPaths = (
			);
			inputPaths = (
				"${PODS_PODFILE_DIR_PATH}/Podfile.lock",
				"${PODS_ROOT}/Manifest.lock",
			);
			name = "[CP] Check Pods Manifest.lock";
			outputFileListPaths = (
			);
			outputPaths = (
				"$(DERIVED_FILE_DIR)/Pods-Increment-checkManifestLockResult.txt",
			);
			runOnlyForDeploymentPostprocessing = 0;
			shellPath = /bin/sh;
			shellScript = "diff \"${PODS_PODFILE_DIR_PATH}/Podfile.lock\" \"${PODS_ROOT}/Manifest.lock\" > /dev/null\nif [ $? != 0 ] ; then\n    # print error to STDERR\n    echo \"error: The sandbox is not in sync with the Podfile.lock. Run 'pod install' or update your CocoaPods installation.\" >&2\n    exit 1\nfi\n# This output is used by Xcode 'outputs' to avoid re-running this script phase.\necho \"SUCCESS\" > \"${SCRIPT_OUTPUT_FILE_0}\"\n";
			showEnvVarsInLog = 0;
		};
/* End PBXShellScriptBuildPhase section */

/* Begin PBXSourcesBuildPhase section */
		E2DD5C7E26A06910005A3102 /* Sources */ = {
			isa = PBXSourcesBuildPhase;
			buildActionMask = 2147483647;
			files = (
				E23D1CE226DADBB400A71A34 /* SettingsView.swift in Sources */,
				E243298026B0047A00A1BFAA /* AuthPublisher.swift in Sources */,
				E23D1CE626DADC0D00A71A34 /* SettingsItemViewModel.swift in Sources */,
				E2DD5C9526A06D1A005A3102 /* PrimaryButtonStyle.swift in Sources */,
				E24981C326DC9919007287EF /* LoginSignupView.swift in Sources */,
				E24981C826DCA03A007287EF /* TextFieldCustomRoundedStyle.swift in Sources */,
				E2DD5C8826A06910005A3102 /* LandingView.swift in Sources */,
				E24981C526DC9949007287EF /* LoginSignupViewModel.swift in Sources */,
				E2DD5C8626A06910005A3102 /* IncrementApp.swift in Sources */,
				E2DD5CA626A07ADD005A3102 /* DropdownItemProtocol.swift in Sources */,
				E22B75F626A5C7630051BD63 /* Challenge.swift in Sources */,
				E2DD5C9726A06D89005A3102 /* Color+Extension.swift in Sources */,
				E24307BA26D9556E0075DE3A /* ChallengeItemView.swift in Sources */,
				E24981C126DC97D2007287EF /* LandingViewModel.swift in Sources */,
				E24307B426D91A0D0075DE3A /* QuerySnapshotPublisher.swift in Sources */,
				E2DD5CA426A07A20005A3102 /* CreateChallengeViewModel.swift in Sources */,
				E203629826A5A87800AA4EEC /* UserService.swift in Sources */,
				E243073126D8E7AF0075DE3A /* TabContainerView.swift in Sources */,
				E24307B226D918B10075DE3A /* ChallengeListViewModel.swift in Sources */,
				E2DD5CA126A077E7005A3102 /* RemindView.swift in Sources */,
				E22B75F826A5C8050051BD63 /* ChallengeService.swift in Sources */,
				E24307B626D94FA30075DE3A /* ChallengeItemViewModel.swift in Sources */,
				E24307B026D9186B0075DE3A /* ChallengeListView.swift in Sources */,
				E2DD5C9D26A07338005A3102 /* CreateView.swift in Sources */,
				E23D1CE426DADBC300A71A34 /* SettingsViewModel.swift in Sources */,
				E2DD5C9F26A073D4005A3102 /* DropdownView.swift in Sources */,
				E22B75FB26A5CD370051BD63 /* IncrementError.swift in Sources */,
			);
			runOnlyForDeploymentPostprocessing = 0;
		};
/* End PBXSourcesBuildPhase section */

/* Begin XCBuildConfiguration section */
		E2DD5C8F26A06912005A3102 /* Debug */ = {
			isa = XCBuildConfiguration;
			buildSettings = {
				ALWAYS_SEARCH_USER_PATHS = NO;
				CLANG_ANALYZER_NONNULL = YES;
				CLANG_ANALYZER_NUMBER_OBJECT_CONVERSION = YES_AGGRESSIVE;
				CLANG_CXX_LANGUAGE_STANDARD = "gnu++14";
				CLANG_CXX_LIBRARY = "libc++";
				CLANG_ENABLE_MODULES = YES;
				CLANG_ENABLE_OBJC_ARC = YES;
				CLANG_ENABLE_OBJC_WEAK = YES;
				CLANG_WARN_BLOCK_CAPTURE_AUTORELEASING = YES;
				CLANG_WARN_BOOL_CONVERSION = YES;
				CLANG_WARN_COMMA = YES;
				CLANG_WARN_CONSTANT_CONVERSION = YES;
				CLANG_WARN_DEPRECATED_OBJC_IMPLEMENTATIONS = YES;
				CLANG_WARN_DIRECT_OBJC_ISA_USAGE = YES_ERROR;
				CLANG_WARN_DOCUMENTATION_COMMENTS = YES;
				CLANG_WARN_EMPTY_BODY = YES;
				CLANG_WARN_ENUM_CONVERSION = YES;
				CLANG_WARN_INFINITE_RECURSION = YES;
				CLANG_WARN_INT_CONVERSION = YES;
				CLANG_WARN_NON_LITERAL_NULL_CONVERSION = YES;
				CLANG_WARN_OBJC_IMPLICIT_RETAIN_SELF = YES;
				CLANG_WARN_OBJC_LITERAL_CONVERSION = YES;
				CLANG_WARN_OBJC_ROOT_CLASS = YES_ERROR;
				CLANG_WARN_QUOTED_INCLUDE_IN_FRAMEWORK_HEADER = YES;
				CLANG_WARN_RANGE_LOOP_ANALYSIS = YES;
				CLANG_WARN_STRICT_PROTOTYPES = YES;
				CLANG_WARN_SUSPICIOUS_MOVE = YES;
				CLANG_WARN_UNGUARDED_AVAILABILITY = YES_AGGRESSIVE;
				CLANG_WARN_UNREACHABLE_CODE = YES;
				CLANG_WARN__DUPLICATE_METHOD_MATCH = YES;
				COPY_PHASE_STRIP = NO;
				DEBUG_INFORMATION_FORMAT = dwarf;
				ENABLE_STRICT_OBJC_MSGSEND = YES;
				ENABLE_TESTABILITY = YES;
				GCC_C_LANGUAGE_STANDARD = gnu11;
				GCC_DYNAMIC_NO_PIC = NO;
				GCC_NO_COMMON_BLOCKS = YES;
				GCC_OPTIMIZATION_LEVEL = 0;
				GCC_PREPROCESSOR_DEFINITIONS = (
					"DEBUG=1",
					"$(inherited)",
				);
				GCC_WARN_64_TO_32_BIT_CONVERSION = YES;
				GCC_WARN_ABOUT_RETURN_TYPE = YES_ERROR;
				GCC_WARN_UNDECLARED_SELECTOR = YES;
				GCC_WARN_UNINITIALIZED_AUTOS = YES_AGGRESSIVE;
				GCC_WARN_UNUSED_FUNCTION = YES;
				GCC_WARN_UNUSED_VARIABLE = YES;
				IPHONEOS_DEPLOYMENT_TARGET = 14.5;
				MTL_ENABLE_DEBUG_INFO = INCLUDE_SOURCE;
				MTL_FAST_MATH = YES;
				ONLY_ACTIVE_ARCH = YES;
				SDKROOT = iphoneos;
				SWIFT_ACTIVE_COMPILATION_CONDITIONS = DEBUG;
				SWIFT_OPTIMIZATION_LEVEL = "-Onone";
			};
			name = Debug;
		};
		E2DD5C9026A06912005A3102 /* Release */ = {
			isa = XCBuildConfiguration;
			buildSettings = {
				ALWAYS_SEARCH_USER_PATHS = NO;
				CLANG_ANALYZER_NONNULL = YES;
				CLANG_ANALYZER_NUMBER_OBJECT_CONVERSION = YES_AGGRESSIVE;
				CLANG_CXX_LANGUAGE_STANDARD = "gnu++14";
				CLANG_CXX_LIBRARY = "libc++";
				CLANG_ENABLE_MODULES = YES;
				CLANG_ENABLE_OBJC_ARC = YES;
				CLANG_ENABLE_OBJC_WEAK = YES;
				CLANG_WARN_BLOCK_CAPTURE_AUTORELEASING = YES;
				CLANG_WARN_BOOL_CONVERSION = YES;
				CLANG_WARN_COMMA = YES;
				CLANG_WARN_CONSTANT_CONVERSION = YES;
				CLANG_WARN_DEPRECATED_OBJC_IMPLEMENTATIONS = YES;
				CLANG_WARN_DIRECT_OBJC_ISA_USAGE = YES_ERROR;
				CLANG_WARN_DOCUMENTATION_COMMENTS = YES;
				CLANG_WARN_EMPTY_BODY = YES;
				CLANG_WARN_ENUM_CONVERSION = YES;
				CLANG_WARN_INFINITE_RECURSION = YES;
				CLANG_WARN_INT_CONVERSION = YES;
				CLANG_WARN_NON_LITERAL_NULL_CONVERSION = YES;
				CLANG_WARN_OBJC_IMPLICIT_RETAIN_SELF = YES;
				CLANG_WARN_OBJC_LITERAL_CONVERSION = YES;
				CLANG_WARN_OBJC_ROOT_CLASS = YES_ERROR;
				CLANG_WARN_QUOTED_INCLUDE_IN_FRAMEWORK_HEADER = YES;
				CLANG_WARN_RANGE_LOOP_ANALYSIS = YES;
				CLANG_WARN_STRICT_PROTOTYPES = YES;
				CLANG_WARN_SUSPICIOUS_MOVE = YES;
				CLANG_WARN_UNGUARDED_AVAILABILITY = YES_AGGRESSIVE;
				CLANG_WARN_UNREACHABLE_CODE = YES;
				CLANG_WARN__DUPLICATE_METHOD_MATCH = YES;
				COPY_PHASE_STRIP = NO;
				DEBUG_INFORMATION_FORMAT = "dwarf-with-dsym";
				ENABLE_NS_ASSERTIONS = NO;
				ENABLE_STRICT_OBJC_MSGSEND = YES;
				GCC_C_LANGUAGE_STANDARD = gnu11;
				GCC_NO_COMMON_BLOCKS = YES;
				GCC_WARN_64_TO_32_BIT_CONVERSION = YES;
				GCC_WARN_ABOUT_RETURN_TYPE = YES_ERROR;
				GCC_WARN_UNDECLARED_SELECTOR = YES;
				GCC_WARN_UNINITIALIZED_AUTOS = YES_AGGRESSIVE;
				GCC_WARN_UNUSED_FUNCTION = YES;
				GCC_WARN_UNUSED_VARIABLE = YES;
				IPHONEOS_DEPLOYMENT_TARGET = 14.5;
				MTL_ENABLE_DEBUG_INFO = NO;
				MTL_FAST_MATH = YES;
				SDKROOT = iphoneos;
				SWIFT_COMPILATION_MODE = wholemodule;
				SWIFT_OPTIMIZATION_LEVEL = "-O";
				VALIDATE_PRODUCT = YES;
			};
			name = Release;
		};
		E2DD5C9226A06912005A3102 /* Debug */ = {
			isa = XCBuildConfiguration;
			baseConfigurationReference = B7EAEA8A70534073CFE78D49 /* Pods-Increment.debug.xcconfig */;
			buildSettings = {
				ASSETCATALOG_COMPILER_APPICON_NAME = AppIcon;
				ASSETCATALOG_COMPILER_GLOBAL_ACCENT_COLOR_NAME = AccentColor;
				CODE_SIGN_STYLE = Automatic;
				DEVELOPMENT_ASSET_PATHS = "\"Increment/Preview Content\"";
				DEVELOPMENT_TEAM = 934NVR3K3Z;
				ENABLE_PREVIEWS = YES;
				EXCLUDED_ARCHS = "";
				INFOPLIST_FILE = Increment/Info.plist;
				IPHONEOS_DEPLOYMENT_TARGET = 14.0;
				LD_RUNPATH_SEARCH_PATHS = (
					"$(inherited)",
					"@executable_path/Frameworks",
				);
				PRODUCT_BUNDLE_IDENTIFIER = com.oscargarrucho.Increment;
				PRODUCT_NAME = "$(TARGET_NAME)";
				SWIFT_VERSION = 5.0;
				TARGETED_DEVICE_FAMILY = "1,2";
			};
			name = Debug;
		};
		E2DD5C9326A06912005A3102 /* Release */ = {
			isa = XCBuildConfiguration;
			baseConfigurationReference = 2DE67F070B0B2EF8D97BB5AA /* Pods-Increment.release.xcconfig */;
			buildSettings = {
				ASSETCATALOG_COMPILER_APPICON_NAME = AppIcon;
				ASSETCATALOG_COMPILER_GLOBAL_ACCENT_COLOR_NAME = AccentColor;
				CODE_SIGN_STYLE = Automatic;
				DEVELOPMENT_ASSET_PATHS = "\"Increment/Preview Content\"";
				DEVELOPMENT_TEAM = 934NVR3K3Z;
				ENABLE_PREVIEWS = YES;
				EXCLUDED_ARCHS = "";
				INFOPLIST_FILE = Increment/Info.plist;
				IPHONEOS_DEPLOYMENT_TARGET = 14.0;
				LD_RUNPATH_SEARCH_PATHS = (
					"$(inherited)",
					"@executable_path/Frameworks",
				);
				PRODUCT_BUNDLE_IDENTIFIER = com.oscargarrucho.Increment;
				PRODUCT_NAME = "$(TARGET_NAME)";
				SWIFT_VERSION = 5.0;
				TARGETED_DEVICE_FAMILY = "1,2";
			};
			name = Release;
		};
/* End XCBuildConfiguration section */

/* Begin XCConfigurationList section */
		E2DD5C7D26A06910005A3102 /* Build configuration list for PBXProject "Increment" */ = {
			isa = XCConfigurationList;
			buildConfigurations = (
				E2DD5C8F26A06912005A3102 /* Debug */,
				E2DD5C9026A06912005A3102 /* Release */,
			);
			defaultConfigurationIsVisible = 0;
			defaultConfigurationName = Release;
		};
		E2DD5C9126A06912005A3102 /* Build configuration list for PBXNativeTarget "Increment" */ = {
			isa = XCConfigurationList;
			buildConfigurations = (
				E2DD5C9226A06912005A3102 /* Debug */,
				E2DD5C9326A06912005A3102 /* Release */,
			);
			defaultConfigurationIsVisible = 0;
			defaultConfigurationName = Release;
		};
/* End XCConfigurationList section */
	};
	rootObject = E2DD5C7A26A06910005A3102 /* Project object */;
}
